
Microsoft Visual Studio Solution File, Format Version 12.00
# Visual Studio Version 17
VisualStudioVersion = 17.3.32901.215
MinimumVisualStudioVersion = 10.0.40219.1
Project("{FAE04EC0-301F-11D3-BF4B-00C04F79EFBC}") = "pryMiPrimerApp", "pryMiPrimerApp\pryMiPrimerApp.csproj", "{202FC1C3-B473-49A5-8DCA-AC13E12F8124}"
EndProject
Global
	GlobalSection(SolutionConfigurationPlatforms) = preSolution
		Debug|Any CPU = Debug|Any CPU
		Release|Any CPU = Release|Any CPU
	EndGlobalSection
	GlobalSection(ProjectConfigurationPlatforms) = postSolution
		{202FC1C3-B473-49A5-8DCA-AC13E12F8124}.Debug|Any CPU.ActiveCfg = Debug|Any CPU
		{202FC1C3-B473-49A5-8DCA-AC13E12F8124}.Debug|Any CPU.Build.0 = Debug|Any CPU
		{202FC1C3-B473-49A5-8DCA-AC13E12F8124}.Release|Any CPU.ActiveCfg = Release|Any CPU
		{202FC1C3-B473-49A5-8DCA-AC13E12F8124}.Release|Any CPU.Build.0 = Release|Any CPU
	EndGlobalSection
	GlobalSection(SolutionProperties) = preSolution
		HideSolutionNode = FALSE
	EndGlobalSection
	GlobalSection(ExtensibilityGlobals) = postSolution
		SolutionGuid = {A42411C8-AF86-4A45-B31D-3CA937A4A462}
	EndGlobalSection
EndGlobal
